
Microsoft Visual Studio Solution File, Format Version 12.00
# Visual Studio Version 16
VisualStudioVersion = 16.0.31025.194
MinimumVisualStudioVersion = 10.0.40219.1
Project("{FAE04EC0-301F-11D3-BF4B-00C04F79EFBC}") = "Cilada", "Cilada.csproj", "{06120557-0322-4CF8-B779-0C74C37CA691}"
EndProject
Global
	GlobalSection(SolutionConfigurationPlatforms) = preSolution
		Debug|Any CPU = Debug|Any CPU
		Release|Any CPU = Release|Any CPU
	EndGlobalSection
	GlobalSection(ProjectConfigurationPlatforms) = postSolution
		{06120557-0322-4CF8-B779-0C74C37CA691}.Debug|Any CPU.ActiveCfg = Debug|Any CPU
		{06120557-0322-4CF8-B779-0C74C37CA691}.Debug|Any CPU.Build.0 = Debug|Any CPU
		{06120557-0322-4CF8-B779-0C74C37CA691}.Release|Any CPU.ActiveCfg = Release|Any CPU
		{06120557-0322-4CF8-B779-0C74C37CA691}.Release|Any CPU.Build.0 = Release|Any CPU
	EndGlobalSection
	GlobalSection(SolutionProperties) = preSolution
		HideSolutionNode = FALSE
	EndGlobalSection
	GlobalSection(ExtensibilityGlobals) = postSolution
		SolutionGuid = {F7B2A50D-E86C-4B24-B0BD-9CAC82A75FCA}
	EndGlobalSection
EndGlobal
